{
  "version": 4,
  "terraform_version": "1.14.0",
  "serial": 36,
  "lineage": "7d8718d2-20c0-7dc4-1123-f69b84d0ff8b",
  "outputs": {},
  "resources": [
    {
      "mode": "data",
      "type": "vsphere_compute_cluster",
      "name": "cluster",
      "provider": "provider[\"registry.terraform.io/hashicorp/vsphere\"]",
      "instances": [
        {
          "schema_version": 0,
          "attributes": {
            "datacenter_id": "datacenter-2",
            "id": "domain-c5800",
            "name": "SW",
            "resource_pool_id": "resgroup-5801"
          },
          "sensitive_attributes": [],
          "identity_schema_version": 0
        }
      ]
    },
    {
      "mode": "data",
      "type": "vsphere_datacenter",
      "name": "dc",
      "provider": "provider[\"registry.terraform.io/hashicorp/vsphere\"]",
      "instances": [
        {
          "schema_version": 0,
          "attributes": {
            "id": "datacenter-2",
            "name": "Datacenter",
            "virtual_machines": [
              "%2fvmfs%2fvolumes%2f620ea834-ce722da8%2ftest-jenkins%2ftest-jenkins.vmx",
              "10.6-172.30.10.20_Win2019(5F remote server)",
              "10.6-172.30.10.3_vCenter",
              "172.30.0.44-wildfly",
              "172.30.0.65-GI-Bastion",
              "172.30.0.66-GI-Bastion",
              "172.30.0.67-GI-Bastion",
              "172.30.0.68-GI-Master01",
              "172.30.0.69-GI-Node01",
              "172.30.0.70-GI-Master01",
              "172.30.0.71-GI-Node01",
              "172.30.10.100-KubeConsole01",
              "172.30.10.100-kubeconsole-bak",
              "172.30.10.101-KubeMaster01",
              "172.30.10.102-KubeMaster02",
              "172.30.10.103-KubeMaster03",
              "172.30.10.104-KubeInfra01",
              "172.30.10.105-KubeInfra02",
              "172.30.10.106-KubeInfra03",
              "172.30.10.107-KubeMonitor01",
              "172.30.10.108-KubeMonitor02",
              "172.30.10.109-KubeMonitor03",
              "172.30.10.111-KubeWorker01",
              "172.30.10.112-KubeWorker02",
              "172.30.10.113-KubeWorker03",
              "172.30.10.114-kubeMonitor04",
              "172.30.10.131-GitlabSonarqube",
              "172.30.10.132-NexusArtifactory",
              "172.30.10.133-JenkinsMaster",
              "172.30.10.134-JenkinsSlave01",
              "172.30.10.135-Harbor",
              "172.30.10.141-DNS01",
              "172.30.10.201-HAProxy01",
              "172.30.10.202-HAProxy02",
              "172.30.10.26-SM_DB_02지우면안됨DB",
              "172.30.100.11-inception_IN",
              "172.30.100.201-CaaS-master01",
              "172.30.100.202-CaaS-master02",
              "172.30.100.211-CaaS-worker01",
              "172.30.100.212-CaaS-worker02",
              "172.30.130.10-maseter01",
              "172.30.130.11-worker01",
              "172.30.130.12-worker02",
              "172.30.170.10_AI",
              "172.30.20.100-dev-KubeConsole01",
              "172.30.20.101-dev-KubeMaster01",
              "172.30.20.102-dev-KubeWorker01",
              "172.30.20.182-samsung-monitoring2",
              "172.30.20.30-dnsyum",
              "172.30.30.202_Confluence",
              "172.30.30.41-Filebeat01",
              "172.30.30.42-Filebeat02",
              "172.30.30.83-lig-devops",
              "172.30.30.88-lig-okd-bastion",
              "172.30.40.10-Elastic_master01",
              "172.30.40.11-Elastic_master02",
              "172.30.40.12-Elastic_master03",
              "172.30.40.13-Elastic_Logstash02",
              "172.30.40.13-Elastic_data01",
              "172.30.40.15-Elastic_Logstash01",
              "172.30.40.16-Elastic_Kafka",
              "172.30.40.17-Elastic_Zookeeper01",
              "172.30.40.18-Elastic_Zookeeper02",
              "172.30.40.19-Elastic_Zookeeper03",
              "172.30.40.20-Elastic_Kafka01",
              "172.30.40.21-Elastic_Kafka02",
              "172.30.40.22-Elastic_Kafka03",
              "172.30.44.20_ceph",
              "172.30.50.50-eduonsole",
              "172.30.50.51-EduMaster01",
              "172.30.50.52-EduMaster02",
              "172.30.50.53-EduMaster03",
              "172.30.50.54-EduInfra01",
              "172.30.50.55-EduInfra02",
              "172.30.50.56-EduInfra03",
              "172.30.50.57-EduWorker01",
              "172.30.50.58-EduWorker02",
              "172.30.60.10_new_icnp_kube_bastion_dev",
              "172.30.60.11_icnp_ma_01_dev",
              "172.30.60.12_icnp_ma_02_dev",
              "172.30.60.130_sonatype_postgres",
              "172.30.60.13_icnp_ma_03_dev",
              "172.30.60.14_icnp_wo_01_dev",
              "172.30.60.15_icnp_wo_02_dev",
              "172.30.60.16_icnp_wo_03_dev",
              "172.30.60.17_incp_in_01_dev",
              "172.30.60.18_icnp_in_02_dev",
              "172.30.60.19_icnp_in_03_dev",
              "172.30.80.101-om-master01",
              "172.30.80.102-om-master02",
              "172.30.80.103-om-master03",
              "172.30.80.104-om-worker01",
              "172.30.80.105-om-worker02",
              "172.30.80.106-om-worker03",
              "172.30.80.140-win-srv",
              "172.30.88.100 Vcenter-7",
              "172.30.88.20 Postgresql-01",
              "172.30.88.21 Postrgresql-02",
              "172.30.88.22 logstash8",
              "172.33.88.101 ESXI-01",
              "192.168.0.240_DNS",
              "CENTOS7_TEST(10G)",
              "CENTOS7_Template_100G",
              "HD-M-Bastion",
              "HD-M-Master01",
              "HD-M-Worker01",
              "HD-M-Worker02",
              "HD-M2-Master01",
              "HD-M2-Worker01",
              "M-Bastion01",
              "M-Master01",
              "M-Worker01",
              "M-Worker02",
              "M-Worker03",
              "New zookeeper",
              "POC_172.30.100.10",
              "POC_172.30.100.11",
              "POC_172.30.100.12",
              "POC_172.30.100.20_opensearch-testbed",
              "Ubuntu_22_04_1_100G_Template",
              "VDI1_OStemp",
              "ansibletest",
              "bastion1",
              "cheolhan-jeus",
              "cheolhan-tomcat1",
              "cheolhan-vm01",
              "clickhouse-bastion",
              "clickhouse-keeper01",
              "clickhouse-keeper02",
              "clickhouse-keeper03",
              "clickhouse-master01",
              "clickhouse-worker01",
              "clickhouse-worker02",
              "clickhouse-worker03",
              "clickhouse-worker04",
              "gongyoung-centos7-3-test",
              "gpu-bastion",
              "grpc-signoz-test",
              "hm-bastion01",
              "hm-master01",
              "hm-worker01",
              "hm-worker02",
              "k8s-rocky-t",
              "mbastion01",
              "minfra01",
              "minfra02",
              "minikube-off",
              "mmaster01",
              "mobis-bastion",
              "mobis-os-tamplate",
              "mobis-os-template-202509",
              "mon4",
              "moni1",
              "moni2",
              "moni3",
              "mworker01",
              "nas03-test",
              "om-master-template",
              "om-worker-template",
              "om_redmine",
              "oracle-template",
              "p-mbastion01",
              "p-mmaster01",
              "p-mmaster02",
              "p-mmaster03",
              "p-mtest",
              "p-mworker01",
              "p-mworker02",
              "p-mworker03",
              "p-mworker04",
              "p-mworker05",
              "p-mworker06",
              "p-mworker07",
              "p-mworker08",
              "p-mworker09",
              "p-mworker10",
              "p-mworker11",
              "p-mworker12",
              "p-mworker13",
              "p-mworker14",
              "p-mworker15",
              "p-mworker16",
              "p-mworker17",
              "p-mworker18",
              "p-mworker19",
              "p-mworker20",
              "p-mworker21",
              "p-mworker22",
              "p-mworker23",
              "p-mworker24",
              "p-mworker25",
              "p-mworker26",
              "p-mworker27",
              "p-mworker28",
              "p-mworker29",
              "p-mworker30",
              "p-mworker31",
              "p-mworker32",
              "p-mworker33",
              "p-mworker34",
              "p-mworker35",
              "p-mworker36",
              "p-mworker37",
              "p-mworker38",
              "p-mworker39",
              "p-mworker40",
              "p-mworker41",
              "p-mworker42",
              "p-mworker43",
              "p-mworker44",
              "p-mworker45",
              "p-mworker46",
              "p-mworker47",
              "p-mworker48",
              "p-mworker49",
              "p-mworker50",
              "public-sw-os",
              "rokey-test",
              "sc-8d0e83ef-2c59-40bd-bad7-34c60941ee33",
              "sc-d4734dd6-c47d-4f24-bee3-b5a867678300",
              "sg-ci",
              "sg-t1",
              "ssg-bastion03",
              "ssg-master-01",
              "ssg-master-02",
              "ssg-master-03",
              "ssg-master-04",
              "ssg-master-05",
              "ssg-master-06",
              "ssg-tmpl01",
              "ssg-worker-01",
              "ssg-worker-02",
              "ssg-worker-03",
              "ssg-worker-04",
              "ssg-worker-05",
              "ssg-worker-06",
              "temp-test",
              "temp_node",
              "tomcat-was",
              "ubuntu_24_04_50G",
              "vm-030de494-1a54-4016-bd1c-df3ed6f80834",
              "vm-0c701b85-93ca-472f-b535-d210ffa70d46",
              "vm-0f4fcb90-7d50-4260-a07e-8c131a13d6db",
              "vm-1b410d6b-3df0-4c31-955e-c6fb0de352b1",
              "vm-1d8281d8-a477-44d8-964d-333f0ad3ba4e",
              "vm-22093a81-ec94-46aa-a559-072c3e3ca9c6",
              "vm-2c30261d-ec02-487a-b82a-490a10cf9240",
              "vm-2f306628-e550-421a-88e9-c86f0d495d4f",
              "vm-38265029-70c6-4018-8c8f-62e87076297f",
              "vm-3b43c099-e984-44df-8c63-ca6d551a1c20",
              "vm-3b7c33ff-d6e4-456e-9fa9-54a10c345ab7",
              "vm-3d963518-b2bc-4a70-9496-62226fea6eed",
              "vm-3dd56a87-4d77-476d-8653-9716c3e6267b",
              "vm-57c93d30-bc37-4d75-9285-961d1648abf5",
              "vm-5b6a7933-b677-4872-aae6-5b0884f4d429",
              "vm-6297e25e-11c4-45c4-83aa-4be36174a877",
              "vm-631708f3-1ebc-4e25-a46f-1d6692a42c75",
              "vm-7a786c45-77a9-4df0-af05-35d0c9225fc6",
              "vm-8d797638-093c-4dcb-a9ec-2b3422dfa517",
              "vm-8fe40ce3-1b27-4b30-a6b8-c3b7d699ec60",
              "vm-a0fa2a24-20fb-4143-a738-2bde8e84eacb",
              "vm-b18eabc7-201e-4a7b-b7b6-783f017670d5",
              "vm-bee4627c-0b5f-4f25-b549-c45b42b9967e",
              "vm-c525cc7b-b2e6-4934-bf54-bb5dfff06603",
              "vm-cfcf5263-257e-4a1e-8597-399edd20c9a8",
              "vm-d1c3d5d7-e374-4f50-91da-ec8c6bef4f76",
              "vm-d60951c5-1aee-422a-aff8-b4aa9aecc41c",
              "vm-d862ae40-5385-4d7c-8ea3-f89a4f804638",
              "vm-dd98442c-2eeb-406f-b7cf-7d087d96cb49",
              "vm-e292ffc9-7003-4bdf-8014-476f0f76b294"
            ]
          },
          "sensitive_attributes": [],
          "identity_schema_version": 0
        }
      ]
    },
    {
      "mode": "data",
      "type": "vsphere_datastore",
      "name": "datastore",
      "provider": "provider[\"registry.terraform.io/hashicorp/vsphere\"]",
      "instances": [
        {
          "schema_version": 0,
          "attributes": {
            "datacenter_id": "datacenter-2",
            "id": "datastore-19890",
            "name": "CloudHQ_NAS03",
            "stats": {
              "capacity": "15349525921792",
              "free": "7851508948992"
            }
          },
          "sensitive_attributes": [],
          "identity_schema_version": 0
        }
      ]
    },
    {
      "mode": "data",
      "type": "vsphere_network",
      "name": "network_1",
      "provider": "provider[\"registry.terraform.io/hashicorp/vsphere\"]",
      "instances": [
        {
          "schema_version": 0,
          "attributes": {
            "datacenter_id": "datacenter-2",
            "distributed_virtual_switch_uuid": null,
            "filter": null,
            "id": "network-13",
            "name": "VM Network",
            "retry_interval": 500,
            "retry_timeout": 0,
            "type": "Network"
          },
          "sensitive_attributes": [],
          "identity_schema_version": 0
        }
      ]
    },
    {
      "mode": "data",
      "type": "vsphere_resource_pool",
      "name": "pool",
      "provider": "provider[\"registry.terraform.io/hashicorp/vsphere\"]",
      "instances": [
        {
          "schema_version": 0,
          "attributes": {
            "datacenter_id": "datacenter-2",
            "id": "resgroup-20764",
            "name": "SW/Resources/gpu-poc"
          },
          "sensitive_attributes": [],
          "identity_schema_version": 0
        }
      ]
    },
    {
      "mode": "data",
      "type": "vsphere_virtual_machine",
      "name": "template",
      "provider": "provider[\"registry.terraform.io/hashicorp/vsphere\"]",
      "instances": [
        {
          "schema_version": 0,
          "attributes": {
            "alternate_guest_name": "",
            "annotation": "",
            "boot_delay": 0,
            "boot_retry_delay": 10000,
            "boot_retry_enabled": false,
            "change_version": "2025-11-26T16:41:28.5493Z",
            "cpu_hot_add_enabled": false,
            "cpu_hot_remove_enabled": false,
            "cpu_limit": -1,
            "cpu_performance_counters_enabled": false,
            "cpu_reservation": 0,
            "cpu_share_count": 4000,
            "cpu_share_level": "normal",
            "datacenter_id": "datacenter-2",
            "default_ip_address": null,
            "disks": [
              {
                "eagerly_scrub": false,
                "label": "Hard disk 1",
                "size": 30,
                "thin_provisioned": true,
                "unit_number": 0
              }
            ],
            "efi_secure_boot_enabled": false,
            "enable_disk_uuid": false,
            "enable_logging": true,
            "ept_rvi_mode": "automatic",
            "extra_config": {},
            "extra_config_reboot_required": true,
            "firmware": "bios",
            "folder": null,
            "guest_id": "otherLinux64Guest",
            "guest_ip_addresses": [],
            "hardware_version": 13,
            "hv_mode": "hvAuto",
            "id": "423d748d-e2cb-ae24-c082-0725316e4628",
            "ide_controller_scan_count": 2,
            "instance_uuid": "503d1a3e-3963-82cf-aad6-84dbe70788f2",
            "latency_sensitivity": "normal",
            "memory": 16384,
            "memory_hot_add_enabled": false,
            "memory_limit": -1,
            "memory_reservation": 0,
            "memory_reservation_locked_to_max": false,
            "memory_share_count": 163840,
            "memory_share_level": "normal",
            "moid": "vm-20662",
            "name": "temp_node",
            "nested_hv_enabled": false,
            "network_interface_types": [
              "e1000",
              "e1000"
            ],
            "network_interfaces": [
              {
                "adapter_type": "e1000",
                "bandwidth_limit": -1,
                "bandwidth_reservation": 0,
                "bandwidth_share_count": 50,
                "bandwidth_share_level": "normal",
                "mac_address": "00:50:56:bd:07:28",
                "network_id": "network-20624",
                "physical_function": ""
              },
              {
                "adapter_type": "e1000",
                "bandwidth_limit": -1,
                "bandwidth_reservation": 0,
                "bandwidth_share_count": 50,
                "bandwidth_share_level": "normal",
                "mac_address": "00:50:56:bd:dd:ec",
                "network_id": "network-13",
                "physical_function": ""
              }
            ],
            "num_cores_per_socket": 1,
            "num_cpus": 4,
            "nvme_controller_scan_count": 1,
            "replace_trigger": null,
            "run_tools_scripts_after_power_on": true,
            "run_tools_scripts_after_resume": true,
            "run_tools_scripts_before_guest_reboot": false,
            "run_tools_scripts_before_guest_shutdown": true,
            "run_tools_scripts_before_guest_standby": true,
            "sata_controller_scan_count": 0,
            "scsi_bus_sharing": "noSharing",
            "scsi_controller_scan_count": 1,
            "scsi_type": "lsilogic",
            "storage_policy_id": null,
            "swap_placement_policy": "inherit",
            "sync_time_with_host": false,
            "sync_time_with_host_periodically": null,
            "tools_upgrade_policy": "manual",
            "uuid": "423d748d-e2cb-ae24-c082-0725316e4628",
            "vapp": null,
            "vapp_transport": [],
            "vbs_enabled": null,
            "vtpm": false,
            "vvtd_enabled": null
          },
          "sensitive_attributes": [],
          "identity_schema_version": 0
        }
      ]
    },
    {
      "mode": "managed",
      "type": "vsphere_virtual_machine",
      "name": "master",
      "provider": "provider[\"registry.terraform.io/hashicorp/vsphere\"]",
      "instances": [
        {
          "index_key": 0,
          "schema_version": 3,
          "attributes": {
            "alternate_guest_name": "",
            "annotation": "",
            "boot_delay": 0,
            "boot_retry_delay": 10000,
            "boot_retry_enabled": false,
            "cdrom": [],
            "change_version": "2026-01-13T08:11:30.866677Z",
            "clone": [
              {
                "customization_spec": [],
                "customize": [
                  {
                    "dns_server_list": [
                      "8.8.8.8"
                    ],
                    "dns_suffix_list": null,
                    "ipv4_gateway": "172.30.0.1",
                    "ipv6_gateway": "",
                    "linux_options": [
                      {
                        "domain": "local",
                        "host_name": "gpu-master-01",
                        "hw_clock_utc": true,
                        "script_text": "",
                        "time_zone": ""
                      }
                    ],
                    "network_interface": [
                      {
                        "dns_domain": "",
                        "dns_server_list": null,
                        "ipv4_address": "172.30.32.111",
                        "ipv4_netmask": 16,
                        "ipv6_address": "",
                        "ipv6_netmask": 0
                      }
                    ],
                    "timeout": 10,
                    "windows_options": [],
                    "windows_sysprep_text": ""
                  }
                ],
                "linked_clone": false,
                "ovf_network_map": null,
                "ovf_storage_map": null,
                "template_uuid": "423d748d-e2cb-ae24-c082-0725316e4628",
                "timeout": 30
              }
            ],
            "cpu_hot_add_enabled": false,
            "cpu_hot_remove_enabled": false,
            "cpu_limit": -1,
            "cpu_performance_counters_enabled": false,
            "cpu_reservation": 0,
            "cpu_share_count": 8000,
            "cpu_share_level": "normal",
            "custom_attributes": null,
            "datacenter_id": null,
            "datastore_cluster_id": null,
            "datastore_id": "datastore-19890",
            "default_ip_address": "172.30.32.111",
            "disk": [
              {
                "attach": false,
                "controller_type": "scsi",
                "datastore_id": "datastore-19890",
                "device_address": "scsi:0:0",
                "disk_mode": "persistent",
                "disk_sharing": "sharingNone",
                "eagerly_scrub": false,
                "io_limit": -1,
                "io_reservation": 0,
                "io_share_count": 1000,
                "io_share_level": "normal",
                "keep_on_remove": false,
                "key": 2000,
                "label": "disk0",
                "path": "gpu-master-04/gpu-master-04.vmdk",
                "size": 30,
                "storage_policy_id": "",
                "thin_provisioned": true,
                "unit_number": 0,
                "uuid": "6000C29f-b5fb-d10a-4be8-b962085b6599",
                "write_through": false
              }
            ],
            "efi_secure_boot_enabled": false,
            "enable_disk_uuid": false,
            "enable_logging": false,
            "ept_rvi_mode": "automatic",
            "extra_config": null,
            "extra_config_reboot_required": true,
            "firmware": "bios",
            "folder": "",
            "force_power_off": true,
            "guest_id": "otherLinux64Guest",
            "guest_ip_addresses": [
              "172.30.32.111",
              "fe80::250:56ff:febd:e9b5"
            ],
            "hardware_version": 13,
            "host_system_id": "host-3817",
            "hv_mode": "hvAuto",
            "id": "423d4018-8775-24fe-6796-4b203ce2d6dd",
            "ide_controller_count": 2,
            "ignored_guest_ips": null,
            "imported": null,
            "latency_sensitivity": "normal",
            "memory": 16384,
            "memory_hot_add_enabled": false,
            "memory_limit": -1,
            "memory_reservation": 0,
            "memory_reservation_locked_to_max": false,
            "memory_share_count": 163840,
            "memory_share_level": "normal",
            "migrate_wait_timeout": 30,
            "moid": "vm-20781",
            "name": "gpu-master-04",
            "nested_hv_enabled": false,
            "network_interface": [
              {
                "adapter_type": "e1000",
                "bandwidth_limit": -1,
                "bandwidth_reservation": 0,
                "bandwidth_share_count": 50,
                "bandwidth_share_level": "normal",
                "device_address": "pci:0:7",
                "key": 4000,
                "mac_address": "00:50:56:bd:e9:b5",
                "network_id": "network-13",
                "ovf_mapping": "",
                "physical_function": "",
                "use_static_mac": false
              }
            ],
            "num_cores_per_socket": 1,
            "num_cpus": 8,
            "nvme_controller_count": 0,
            "ovf_deploy": [],
            "pci_device_id": null,
            "power_state": "on",
            "poweron_timeout": 300,
            "reboot_required": false,
            "replace_trigger": null,
            "resource_pool_id": "resgroup-20764",
            "run_tools_scripts_after_power_on": true,
            "run_tools_scripts_after_resume": true,
            "run_tools_scripts_before_guest_reboot": false,
            "run_tools_scripts_before_guest_shutdown": true,
            "run_tools_scripts_before_guest_standby": true,
            "sata_controller_count": 0,
            "scsi_bus_sharing": "noSharing",
            "scsi_controller_count": 1,
            "scsi_type": "lsilogic",
            "shutdown_wait_timeout": 3,
            "storage_policy_id": "",
            "swap_placement_policy": "inherit",
            "sync_time_with_host": true,
            "sync_time_with_host_periodically": null,
            "tags": null,
            "tools_upgrade_policy": "manual",
            "uuid": "423d4018-8775-24fe-6796-4b203ce2d6dd",
            "vapp": [],
            "vapp_transport": [],
            "vbs_enabled": null,
            "vmware_tools_status": "guestToolsRunning",
            "vmx_path": "gpu-master-04/gpu-master-04.vmx",
            "vtpm": [],
            "vvtd_enabled": null,
            "wait_for_guest_ip_timeout": 0,
            "wait_for_guest_net_routable": false,
            "wait_for_guest_net_timeout": 5
          },
          "sensitive_attributes": [
            [
              {
                "type": "get_attr",
                "value": "clone"
              },
              {
                "type": "index",
                "value": {
                  "value": 0,
                  "type": "number"
                }
              },
              {
                "type": "get_attr",
                "value": "customize"
              },
              {
                "type": "index",
                "value": {
                  "value": 0,
                  "type": "number"
                }
              },
              {
                "type": "get_attr",
                "value": "linux_options"
              },
              {
                "type": "index",
                "value": {
                  "value": 0,
                  "type": "number"
                }
              },
              {
                "type": "get_attr",
                "value": "script_text"
              }
            ],
            [
              {
                "type": "get_attr",
                "value": "clone"
              },
              {
                "type": "index",
                "value": {
                  "value": 0,
                  "type": "number"
                }
              },
              {
                "type": "get_attr",
                "value": "customize"
              },
              {
                "type": "index",
                "value": {
                  "value": 0,
                  "type": "number"
                }
              },
              {
                "type": "get_attr",
                "value": "windows_sysprep_text"
              }
            ]
          ],
          "identity_schema_version": 0,
          "private": "eyJzY2hlbWFfdmVyc2lvbiI6IjMifQ==",
          "dependencies": [
            "data.vsphere_datacenter.dc",
            "data.vsphere_datastore.datastore",
            "data.vsphere_network.network_1",
            "data.vsphere_resource_pool.pool",
            "data.vsphere_virtual_machine.template"
          ]
        },
        {
          "index_key": 2,
          "schema_version": 3,
          "attributes": {
            "alternate_guest_name": "",
            "annotation": "",
            "boot_delay": 0,
            "boot_retry_delay": 10000,
            "boot_retry_enabled": false,
            "cdrom": [],
            "change_version": "2026-01-13T08:11:46.902794Z",
            "clone": [
              {
                "customization_spec": [],
                "customize": [
                  {
                    "dns_server_list": [
                      "8.8.8.8"
                    ],
                    "dns_suffix_list": null,
                    "ipv4_gateway": "172.30.0.1",
                    "ipv6_gateway": "",
                    "linux_options": [
                      {
                        "domain": "local",
                        "host_name": "gpu-master-03",
                        "hw_clock_utc": true,
                        "script_text": "",
                        "time_zone": ""
                      }
                    ],
                    "network_interface": [
                      {
                        "dns_domain": "",
                        "dns_server_list": null,
                        "ipv4_address": "172.30.32.113",
                        "ipv4_netmask": 16,
                        "ipv6_address": "",
                        "ipv6_netmask": 0
                      }
                    ],
                    "timeout": 10,
                    "windows_options": [],
                    "windows_sysprep_text": ""
                  }
                ],
                "linked_clone": false,
                "ovf_network_map": null,
                "ovf_storage_map": null,
                "template_uuid": "423d748d-e2cb-ae24-c082-0725316e4628",
                "timeout": 30
              }
            ],
            "cpu_hot_add_enabled": false,
            "cpu_hot_remove_enabled": false,
            "cpu_limit": -1,
            "cpu_performance_counters_enabled": false,
            "cpu_reservation": 0,
            "cpu_share_count": 8000,
            "cpu_share_level": "normal",
            "custom_attributes": null,
            "datacenter_id": null,
            "datastore_cluster_id": null,
            "datastore_id": "datastore-19890",
            "default_ip_address": "172.30.32.113",
            "disk": [
              {
                "attach": false,
                "controller_type": "scsi",
                "datastore_id": "datastore-19890",
                "device_address": "scsi:0:0",
                "disk_mode": "persistent",
                "disk_sharing": "sharingNone",
                "eagerly_scrub": false,
                "io_limit": -1,
                "io_reservation": 0,
                "io_share_count": 1000,
                "io_share_level": "normal",
                "keep_on_remove": false,
                "key": 2000,
                "label": "disk0",
                "path": "gpu-master-06/gpu-master-06.vmdk",
                "size": 30,
                "storage_policy_id": "",
                "thin_provisioned": true,
                "unit_number": 0,
                "uuid": "6000C295-7621-0a9f-dd25-ca3c4f663f71",
                "write_through": false
              }
            ],
            "efi_secure_boot_enabled": false,
            "enable_disk_uuid": false,
            "enable_logging": false,
            "ept_rvi_mode": "automatic",
            "extra_config": null,
            "extra_config_reboot_required": true,
            "firmware": "bios",
            "folder": "",
            "force_power_off": true,
            "guest_id": "otherLinux64Guest",
            "guest_ip_addresses": [
              "172.30.32.113",
              "fe80::250:56ff:febd:ca8b"
            ],
            "hardware_version": 13,
            "host_system_id": "host-3817",
            "hv_mode": "hvAuto",
            "id": "423da665-4b74-59de-9bde-6b2516ee6e56",
            "ide_controller_count": 2,
            "ignored_guest_ips": null,
            "imported": null,
            "latency_sensitivity": "normal",
            "memory": 16384,
            "memory_hot_add_enabled": false,
            "memory_limit": -1,
            "memory_reservation": 0,
            "memory_reservation_locked_to_max": false,
            "memory_share_count": 163840,
            "memory_share_level": "normal",
            "migrate_wait_timeout": 30,
            "moid": "vm-20783",
            "name": "gpu-master-06",
            "nested_hv_enabled": false,
            "network_interface": [
              {
                "adapter_type": "e1000",
                "bandwidth_limit": -1,
                "bandwidth_reservation": 0,
                "bandwidth_share_count": 50,
                "bandwidth_share_level": "normal",
                "device_address": "pci:0:7",
                "key": 4000,
                "mac_address": "00:50:56:bd:ca:8b",
                "network_id": "network-13",
                "ovf_mapping": "",
                "physical_function": "",
                "use_static_mac": false
              }
            ],
            "num_cores_per_socket": 1,
            "num_cpus": 8,
            "nvme_controller_count": 0,
            "ovf_deploy": [],
            "pci_device_id": null,
            "power_state": "on",
            "poweron_timeout": 300,
            "reboot_required": false,
            "replace_trigger": null,
            "resource_pool_id": "resgroup-20764",
            "run_tools_scripts_after_power_on": true,
            "run_tools_scripts_after_resume": true,
            "run_tools_scripts_before_guest_reboot": false,
            "run_tools_scripts_before_guest_shutdown": true,
            "run_tools_scripts_before_guest_standby": true,
            "sata_controller_count": 0,
            "scsi_bus_sharing": "noSharing",
            "scsi_controller_count": 1,
            "scsi_type": "lsilogic",
            "shutdown_wait_timeout": 3,
            "storage_policy_id": "",
            "swap_placement_policy": "inherit",
            "sync_time_with_host": true,
            "sync_time_with_host_periodically": null,
            "tags": null,
            "tools_upgrade_policy": "manual",
            "uuid": "423da665-4b74-59de-9bde-6b2516ee6e56",
            "vapp": [],
            "vapp_transport": [],
            "vbs_enabled": null,
            "vmware_tools_status": "guestToolsRunning",
            "vmx_path": "gpu-master-06/gpu-master-06.vmx",
            "vtpm": [],
            "vvtd_enabled": null,
            "wait_for_guest_ip_timeout": 0,
            "wait_for_guest_net_routable": false,
            "wait_for_guest_net_timeout": 5
          },
          "sensitive_attributes": [
            [
              {
                "type": "get_attr",
                "value": "clone"
              },
              {
                "type": "index",
                "value": {
                  "value": 0,
                  "type": "number"
                }
              },
              {
                "type": "get_attr",
                "value": "customize"
              },
              {
                "type": "index",
                "value": {
                  "value": 0,
                  "type": "number"
                }
              },
              {
                "type": "get_attr",
                "value": "linux_options"
              },
              {
                "type": "index",
                "value": {
                  "value": 0,
                  "type": "number"
                }
              },
              {
                "type": "get_attr",
                "value": "script_text"
              }
            ],
            [
              {
                "type": "get_attr",
                "value": "clone"
              },
              {
                "type": "index",
                "value": {
                  "value": 0,
                  "type": "number"
                }
              },
              {
                "type": "get_attr",
                "value": "customize"
              },
              {
                "type": "index",
                "value": {
                  "value": 0,
                  "type": "number"
                }
              },
              {
                "type": "get_attr",
                "value": "windows_sysprep_text"
              }
            ]
          ],
          "identity_schema_version": 0,
          "private": "eyJzY2hlbWFfdmVyc2lvbiI6IjMifQ==",
          "dependencies": [
            "data.vsphere_datacenter.dc",
            "data.vsphere_datastore.datastore",
            "data.vsphere_network.network_1",
            "data.vsphere_resource_pool.pool",
            "data.vsphere_virtual_machine.template"
          ]
        }
      ]
    },
    {
      "mode": "managed",
      "type": "vsphere_virtual_machine",
      "name": "worker",
      "provider": "provider[\"registry.terraform.io/hashicorp/vsphere\"]",
      "instances": []
    }
  ],
  "check_results": null
}
