{
  "version": 4,
  "terraform_version": "1.9.3",
  "serial": 9,
  "lineage": "9c3638ef-1e53-9812-6f12-19e9caae47f6",
  "outputs": {
    "vm_info": {
      "value": {
        "jbkim_dev_44": {
          "cpu": 2,
          "guest_id": "otherLinux64Guest",
          "ip": "10.10.40.44",
          "memory_mb": 8192,
          "name": "jbkim_dev_44"
        },
        "jbkim_dev_master02_45": {
          "cpu": 4,
          "guest_id": "otherLinux64Guest",
          "ip": "10.10.40.45",
          "memory_mb": 8192,
          "name": "jbkim_dev_master02_45"
        },
        "jbkim_dev_master03_46": {
          "cpu": 4,
          "guest_id": "otherLinux64Guest",
          "ip": "10.10.40.46",
          "memory_mb": 8192,
          "name": "jbkim_dev_master03_46"
        },
        "jbkim_dev_nfs_55": {
          "cpu": 2,
          "guest_id": "otherLinux64Guest",
          "ip": "10.10.40.55",
          "memory_mb": 8192,
          "name": "jbkim_dev_nfs_55"
        },
        "jbkim_dev_worker01_47": {
          "cpu": 4,
          "guest_id": "otherLinux64Guest",
          "ip": "10.10.40.47",
          "memory_mb": 16384,
          "name": "jbkim_dev_worker01_47"
        },
        "jbkim_dev_worker02_48": {
          "cpu": 4,
          "guest_id": "otherLinux64Guest",
          "ip": "10.10.40.48",
          "memory_mb": 16384,
          "name": "jbkim_dev_worker02_48"
        }
      },
      "type": [
        "object",
        {
          "jbkim_dev_44": [
            "object",
            {
              "cpu": "number",
              "guest_id": "string",
              "ip": "string",
              "memory_mb": "number",
              "name": "string"
            }
          ],
          "jbkim_dev_master02_45": [
            "object",
            {
              "cpu": "number",
              "guest_id": "string",
              "ip": "string",
              "memory_mb": "number",
              "name": "string"
            }
          ],
          "jbkim_dev_master03_46": [
            "object",
            {
              "cpu": "number",
              "guest_id": "string",
              "ip": "string",
              "memory_mb": "number",
              "name": "string"
            }
          ],
          "jbkim_dev_nfs_55": [
            "object",
            {
              "cpu": "number",
              "guest_id": "string",
              "ip": "string",
              "memory_mb": "number",
              "name": "string"
            }
          ],
          "jbkim_dev_worker01_47": [
            "object",
            {
              "cpu": "number",
              "guest_id": "string",
              "ip": "string",
              "memory_mb": "number",
              "name": "string"
            }
          ],
          "jbkim_dev_worker02_48": [
            "object",
            {
              "cpu": "number",
              "guest_id": "string",
              "ip": "string",
              "memory_mb": "number",
              "name": "string"
            }
          ]
        }
      ]
    },
    "vm_ips": {
      "value": {
        "jbkim_dev_44": "10.10.40.44",
        "jbkim_dev_master02_45": "10.10.40.45",
        "jbkim_dev_master03_46": "10.10.40.46",
        "jbkim_dev_nfs_55": "10.10.40.55",
        "jbkim_dev_worker01_47": "10.10.40.47",
        "jbkim_dev_worker02_48": "10.10.40.48"
      },
      "type": [
        "object",
        {
          "jbkim_dev_44": "string",
          "jbkim_dev_master02_45": "string",
          "jbkim_dev_master03_46": "string",
          "jbkim_dev_nfs_55": "string",
          "jbkim_dev_worker01_47": "string",
          "jbkim_dev_worker02_48": "string"
        }
      ]
    }
  },
  "resources": [
    {
      "mode": "data",
      "type": "vsphere_datacenter",
      "name": "dc",
      "provider": "provider[\"registry.terraform.io/vmware/vsphere\"]",
      "instances": [
        {
          "schema_version": 0,
          "attributes": {
            "id": "ha-datacenter",
            "name": "ha-datacenter",
            "virtual_machines": [
              "Rocky8.10_UPBX_85",
              "Rocky8.10_UPBX_86",
              "archer_scouter_81",
              "hanil_lotteon_STT_240",
              "hanil_lotteon_TTS_241",
              "jbkim_dev_master01_44",
              "jbkim_dev_master02_45",
              "jbkim_dev_master03_46",
              "jbkim_dev_worker01_47",
              "jbkim_dev_worker02_48",
              "kimdongwhan_HRchatbot_82",
              "sarah_test_83"
            ]
          },
          "sensitive_attributes": []
        }
      ]
    },
    {
      "mode": "data",
      "type": "vsphere_datastore",
      "name": "datastore",
      "provider": "provider[\"registry.terraform.io/vmware/vsphere\"]",
      "instances": [
        {
          "schema_version": 0,
          "attributes": {
            "datacenter_id": "ha-datacenter",
            "id": "59b9861f-7d1983e4-a5da-d09466087023",
            "name": "datastore1",
            "stats": {
              "capacity": "3992172101632",
              "free": "522538975232"
            }
          },
          "sensitive_attributes": []
        }
      ]
    },
    {
      "mode": "data",
      "type": "vsphere_host",
      "name": "host",
      "provider": "provider[\"registry.terraform.io/vmware/vsphere\"]",
      "instances": [
        {
          "schema_version": 0,
          "attributes": {
            "datacenter_id": "ha-datacenter",
            "id": "ha-host",
            "name": "10.10.40.243",
            "resource_pool_id": "ha-root-pool"
          },
          "sensitive_attributes": []
        }
      ]
    },
    {
      "mode": "data",
      "type": "vsphere_network",
      "name": "network",
      "provider": "provider[\"registry.terraform.io/vmware/vsphere\"]",
      "instances": [
        {
          "schema_version": 0,
          "attributes": {
            "datacenter_id": "ha-datacenter",
            "distributed_virtual_switch_uuid": null,
            "filter": null,
            "id": "HaNetwork-VM Network",
            "name": "VM Network",
            "retry_interval": 500,
            "retry_timeout": 0,
            "type": "Network",
            "vpc_id": null,
            "vpc_project_id": null
          },
          "sensitive_attributes": []
        }
      ]
    },
    {
      "mode": "data",
      "type": "vsphere_ovf_vm_template",
      "name": "ovf",
      "provider": "provider[\"registry.terraform.io/vmware/vsphere\"]",
      "instances": [
        {
          "schema_version": 0,
          "attributes": {
            "allow_unverified_ssl_cert": false,
            "alternate_guest_name": "",
            "annotation": "",
            "cpu_hot_add_enabled": false,
            "cpu_hot_remove_enabled": false,
            "cpu_performance_counters_enabled": null,
            "datastore_id": "59b9861f-7d1983e4-a5da-d09466087023",
            "deployment_option": null,
            "disk_provisioning": null,
            "enable_hidden_properties": false,
            "firmware": "bios",
            "folder": null,
            "guest_id": "otherLinux64Guest",
            "host_system_id": "ha-host",
            "id": "rocky9-template",
            "ide_controller_count": 2,
            "ip_allocation_policy": null,
            "ip_protocol": null,
            "local_ovf_path": "/home/jbkim/terraform/esxi-vm/ovf/rocky9-template.ovf",
            "memory": 8192,
            "memory_hot_add_enabled": false,
            "name": "rocky9-template",
            "nested_hv_enabled": false,
            "num_cores_per_socket": 2,
            "num_cpus": 4,
            "ovf_network_map": {
              "VM Network": "HaNetwork-VM Network"
            },
            "remote_ovf_url": null,
            "resource_pool_id": "ha-root-pool",
            "sata_controller_count": 0,
            "scsi_controller_count": 1,
            "scsi_type": "lsilogic",
            "swap_placement_policy": ""
          },
          "sensitive_attributes": []
        }
      ]
    },
    {
      "mode": "managed",
      "type": "vsphere_virtual_machine",
      "name": "vm",
      "provider": "provider[\"registry.terraform.io/vmware/vsphere\"]",
      "instances": [
        {
          "index_key": "jbkim_dev_44",
          "schema_version": 3,
          "attributes": {
            "alternate_guest_name": "",
            "annotation": "",
            "boot_delay": 0,
            "boot_retry_delay": 10000,
            "boot_retry_enabled": false,
            "cdrom": [],
            "change_version": "2026-08-11T06:51:34.201341Z",
            "clone": [],
            "cpu_hot_add_enabled": false,
            "cpu_hot_remove_enabled": false,
            "cpu_limit": -1,
            "cpu_performance_counters_enabled": false,
            "cpu_reservation": 0,
            "cpu_share_count": 2000,
            "cpu_share_level": "normal",
            "custom_attributes": null,
            "datacenter_id": "ha-datacenter",
            "datastore_cluster_id": null,
            "datastore_id": "59b9861f-7d1983e4-a5da-d09466087023",
            "default_ip_address": "10.10.40.44",
            "disk": [
              {
                "attach": false,
                "controller_type": "scsi",
                "datastore_id": "59b9861f-7d1983e4-a5da-d09466087023",
                "device_address": "scsi:0:0",
                "disk_mode": "persistent",
                "disk_sharing": "sharingNone",
                "eagerly_scrub": false,
                "io_limit": -1,
                "io_reservation": 0,
                "io_share_count": 1000,
                "io_share_level": "normal",
                "keep_on_remove": false,
                "key": 2000,
                "label": "disk0",
                "path": "jbkim_dev_44/jbkim_dev_44.vmdk",
                "size": 50,
                "storage_policy_id": "",
                "thin_provisioned": true,
                "unit_number": 0,
                "uuid": "6000C29d-3653-2a3c-8e92-12520653a2d8",
                "write_through": false
              }
            ],
            "efi_secure_boot_enabled": false,
            "enable_disk_uuid": false,
            "enable_logging": false,
            "ept_rvi_mode": "automatic",
            "evc_mode": null,
            "extra_config": {},
            "extra_config_reboot_required": true,
            "firmware": "bios",
            "folder": "",
            "force_power_off": true,
            "guest_id": "otherLinux64Guest",
            "guest_ip_addresses": [
              "10.233.98.192",
              "fe80::640e:d3ff:feac:5531",
              "10.10.40.44",
              "fe80::4d58:f8bb:a32c:c299"
            ],
            "hardware_version": 8,
            "host_system_id": "ha-host",
            "hv_mode": "hvAuto",
            "id": "564d6ebe-8826-98fe-7030-d8b20fee73d2",
            "ide_controller_count": 2,
            "ignored_guest_ips": null,
            "imported": null,
            "latency_sensitivity": "normal",
            "memory": 8192,
            "memory_hot_add_enabled": false,
            "memory_limit": -1,
            "memory_reservation": 0,
            "memory_reservation_locked_to_max": false,
            "memory_share_count": 81920,
            "memory_share_level": "normal",
            "migrate_wait_timeout": 30,
            "moid": "33",
            "name": "jbkim_dev_44",
            "nested_hv_enabled": false,
            "network_interface": [
              {
                "adapter_type": "e1000",
                "bandwidth_limit": -1,
                "bandwidth_reservation": 0,
                "bandwidth_share_count": 50,
                "bandwidth_share_level": "normal",
                "device_address": "pci:0:7",
                "external_port_id": "",
                "key": 4000,
                "mac_address": "00:0c:29:ee:73:d2",
                "network_id": "HaNetwork-VM Network",
                "ovf_mapping": "",
                "physical_function": "",
                "use_static_mac": false
              }
            ],
            "num_cores_per_numa_node": null,
            "num_cores_per_socket": 2,
            "num_cpus": 2,
            "nvme_controller_count": 0,
            "ovf_deploy": [
              {
                "allow_unverified_ssl_cert": false,
                "deployment_option": "",
                "disk_provisioning": "thin",
                "enable_hidden_properties": false,
                "ip_allocation_policy": "",
                "ip_protocol": "",
                "local_ovf_path": "/home/jbkim/terraform/esxi-vm/ovf/rocky9-template.ovf",
                "ovf_network_map": {
                  "VM Network": "HaNetwork-VM Network"
                },
                "remote_ovf_url": ""
              }
            ],
            "pci_device_id": [],
            "power_state": "on",
            "poweron_timeout": 300,
            "reboot_required": false,
            "replace_trigger": null,
            "resource_pool_id": "ha-root-pool",
            "run_tools_scripts_after_power_on": true,
            "run_tools_scripts_after_resume": true,
            "run_tools_scripts_before_guest_reboot": false,
            "run_tools_scripts_before_guest_shutdown": true,
            "run_tools_scripts_before_guest_standby": true,
            "sata_controller_count": 0,
            "scsi_bus_sharing": "noSharing",
            "scsi_controller_count": 1,
            "scsi_type": "lsilogic",
            "shutdown_wait_timeout": 3,
            "storage_policy_id": null,
            "swap_placement_policy": "inherit",
            "sync_time_with_host": true,
            "sync_time_with_host_periodically": null,
            "tags": null,
            "tools_upgrade_policy": "manual",
            "uuid": "564d6ebe-8826-98fe-7030-d8b20fee73d2",
            "vapp": [],
            "vapp_transport": [],
            "vbs_enabled": false,
            "video_card": [],
            "vmware_tools_status": "guestToolsRunning",
            "vmx_path": "jbkim_dev_44/jbkim_dev_44.vmx",
            "vtpm": [],
            "vvtd_enabled": false,
            "wait_for_guest_ip_timeout": 0,
            "wait_for_guest_net_routable": true,
            "wait_for_guest_net_timeout": 0
          },
          "sensitive_attributes": [],
          "private": "eyJzY2hlbWFfdmVyc2lvbiI6IjMifQ==",
          "dependencies": [
            "data.vsphere_datacenter.dc",
            "data.vsphere_datastore.datastore",
            "data.vsphere_host.host",
            "data.vsphere_network.network",
            "data.vsphere_ovf_vm_template.ovf"
          ]
        },
        {
          "index_key": "jbkim_dev_master02_45",
          "schema_version": 3,
          "attributes": {
            "alternate_guest_name": "",
            "annotation": "",
            "boot_delay": 0,
            "boot_retry_delay": 10000,
            "boot_retry_enabled": false,
            "cdrom": [],
            "change_version": "2026-08-11T04:31:17.117771Z",
            "clone": [],
            "cpu_hot_add_enabled": false,
            "cpu_hot_remove_enabled": false,
            "cpu_limit": -1,
            "cpu_performance_counters_enabled": false,
            "cpu_reservation": 0,
            "cpu_share_count": 4000,
            "cpu_share_level": "normal",
            "custom_attributes": null,
            "datacenter_id": "ha-datacenter",
            "datastore_cluster_id": null,
            "datastore_id": "59b9861f-7d1983e4-a5da-d09466087023",
            "default_ip_address": "10.10.40.45",
            "disk": [
              {
                "attach": false,
                "controller_type": "scsi",
                "datastore_id": "59b9861f-7d1983e4-a5da-d09466087023",
                "device_address": "scsi:0:0",
                "disk_mode": "persistent",
                "disk_sharing": "sharingNone",
                "eagerly_scrub": false,
                "io_limit": -1,
                "io_reservation": 0,
                "io_share_count": 1000,
                "io_share_level": "normal",
                "keep_on_remove": false,
                "key": 2000,
                "label": "disk0",
                "path": "jbkim_dev_master02_45/jbkim_dev_master02_45.vmdk",
                "size": 50,
                "storage_policy_id": "",
                "thin_provisioned": true,
                "unit_number": 0,
                "uuid": "6000C295-d6b9-3627-65a0-2c482eeb1b6b",
                "write_through": false
              }
            ],
            "efi_secure_boot_enabled": false,
            "enable_disk_uuid": false,
            "enable_logging": false,
            "ept_rvi_mode": "automatic",
            "evc_mode": null,
            "extra_config": {},
            "extra_config_reboot_required": true,
            "firmware": "bios",
            "folder": "",
            "force_power_off": true,
            "guest_id": "otherLinux64Guest",
            "guest_ip_addresses": [
              "10.233.86.192",
              "fe80::6481:95ff:fe5a:e3d4",
              "10.10.40.45",
              "fe80::d372:638d:d221:e035"
            ],
            "hardware_version": 8,
            "host_system_id": "ha-host",
            "hv_mode": "hvAuto",
            "id": "564dedd6-9748-649d-141c-57ed0cbff632",
            "ide_controller_count": 2,
            "ignored_guest_ips": null,
            "imported": null,
            "latency_sensitivity": "normal",
            "memory": 8192,
            "memory_hot_add_enabled": false,
            "memory_limit": -1,
            "memory_reservation": 0,
            "memory_reservation_locked_to_max": false,
            "memory_share_count": 81920,
            "memory_share_level": "normal",
            "migrate_wait_timeout": 30,
            "moid": "34",
            "name": "jbkim_dev_master02_45",
            "nested_hv_enabled": false,
            "network_interface": [
              {
                "adapter_type": "e1000",
                "bandwidth_limit": -1,
                "bandwidth_reservation": 0,
                "bandwidth_share_count": 50,
                "bandwidth_share_level": "normal",
                "device_address": "pci:0:7",
                "external_port_id": "",
                "key": 4000,
                "mac_address": "00:0c:29:bf:f6:32",
                "network_id": "HaNetwork-VM Network",
                "ovf_mapping": "",
                "physical_function": "",
                "use_static_mac": false
              }
            ],
            "num_cores_per_numa_node": null,
            "num_cores_per_socket": 2,
            "num_cpus": 4,
            "nvme_controller_count": 0,
            "ovf_deploy": [
              {
                "allow_unverified_ssl_cert": false,
                "deployment_option": "",
                "disk_provisioning": "thin",
                "enable_hidden_properties": false,
                "ip_allocation_policy": "",
                "ip_protocol": "",
                "local_ovf_path": "/home/jbkim/terraform/esxi-vm/ovf/rocky9-template.ovf",
                "ovf_network_map": {
                  "VM Network": "HaNetwork-VM Network"
                },
                "remote_ovf_url": ""
              }
            ],
            "pci_device_id": [],
            "power_state": "on",
            "poweron_timeout": 300,
            "reboot_required": false,
            "replace_trigger": null,
            "resource_pool_id": "ha-root-pool",
            "run_tools_scripts_after_power_on": true,
            "run_tools_scripts_after_resume": true,
            "run_tools_scripts_before_guest_reboot": false,
            "run_tools_scripts_before_guest_shutdown": true,
            "run_tools_scripts_before_guest_standby": true,
            "sata_controller_count": 0,
            "scsi_bus_sharing": "noSharing",
            "scsi_controller_count": 1,
            "scsi_type": "lsilogic",
            "shutdown_wait_timeout": 3,
            "storage_policy_id": null,
            "swap_placement_policy": "inherit",
            "sync_time_with_host": true,
            "sync_time_with_host_periodically": null,
            "tags": null,
            "tools_upgrade_policy": "manual",
            "uuid": "564dedd6-9748-649d-141c-57ed0cbff632",
            "vapp": [],
            "vapp_transport": [],
            "vbs_enabled": false,
            "video_card": [],
            "vmware_tools_status": "guestToolsRunning",
            "vmx_path": "jbkim_dev_master02_45/jbkim_dev_master02_45.vmx",
            "vtpm": [],
            "vvtd_enabled": false,
            "wait_for_guest_ip_timeout": 0,
            "wait_for_guest_net_routable": true,
            "wait_for_guest_net_timeout": 0
          },
          "sensitive_attributes": [],
          "private": "eyJzY2hlbWFfdmVyc2lvbiI6IjMifQ==",
          "dependencies": [
            "data.vsphere_datacenter.dc",
            "data.vsphere_datastore.datastore",
            "data.vsphere_host.host",
            "data.vsphere_network.network",
            "data.vsphere_ovf_vm_template.ovf"
          ]
        },
        {
          "index_key": "jbkim_dev_master03_46",
          "schema_version": 3,
          "attributes": {
            "alternate_guest_name": "",
            "annotation": "",
            "boot_delay": 0,
            "boot_retry_delay": 10000,
            "boot_retry_enabled": false,
            "cdrom": [],
            "change_version": "2026-08-11T04:31:17.144253Z",
            "clone": [],
            "cpu_hot_add_enabled": false,
            "cpu_hot_remove_enabled": false,
            "cpu_limit": -1,
            "cpu_performance_counters_enabled": false,
            "cpu_reservation": 0,
            "cpu_share_count": 4000,
            "cpu_share_level": "normal",
            "custom_attributes": null,
            "datacenter_id": "ha-datacenter",
            "datastore_cluster_id": null,
            "datastore_id": "59b9861f-7d1983e4-a5da-d09466087023",
            "default_ip_address": "10.10.40.46",
            "disk": [
              {
                "attach": false,
                "controller_type": "scsi",
                "datastore_id": "59b9861f-7d1983e4-a5da-d09466087023",
                "device_address": "scsi:0:0",
                "disk_mode": "persistent",
                "disk_sharing": "sharingNone",
                "eagerly_scrub": false,
                "io_limit": -1,
                "io_reservation": 0,
                "io_share_count": 1000,
                "io_share_level": "normal",
                "keep_on_remove": false,
                "key": 2000,
                "label": "disk0",
                "path": "jbkim_dev_master03_46/jbkim_dev_master03_46.vmdk",
                "size": 50,
                "storage_policy_id": "",
                "thin_provisioned": true,
                "unit_number": 0,
                "uuid": "6000C297-7b44-1fa9-0525-1cd352798c87",
                "write_through": false
              }
            ],
            "efi_secure_boot_enabled": false,
            "enable_disk_uuid": false,
            "enable_logging": false,
            "ept_rvi_mode": "automatic",
            "evc_mode": null,
            "extra_config": {},
            "extra_config_reboot_required": true,
            "firmware": "bios",
            "folder": "",
            "force_power_off": true,
            "guest_id": "otherLinux64Guest",
            "guest_ip_addresses": [
              "10.233.68.0",
              "fe80::644a:16ff:fe69:3d7a",
              "10.10.40.46",
              "fe80::a13c:aec:36f6:7e86"
            ],
            "hardware_version": 8,
            "host_system_id": "ha-host",
            "hv_mode": "hvAuto",
            "id": "564d1e3f-ff76-3cda-9ad7-0e24dec5e5a9",
            "ide_controller_count": 2,
            "ignored_guest_ips": null,
            "imported": null,
            "latency_sensitivity": "normal",
            "memory": 8192,
            "memory_hot_add_enabled": false,
            "memory_limit": -1,
            "memory_reservation": 0,
            "memory_reservation_locked_to_max": false,
            "memory_share_count": 81920,
            "memory_share_level": "normal",
            "migrate_wait_timeout": 30,
            "moid": "36",
            "name": "jbkim_dev_master03_46",
            "nested_hv_enabled": false,
            "network_interface": [
              {
                "adapter_type": "e1000",
                "bandwidth_limit": -1,
                "bandwidth_reservation": 0,
                "bandwidth_share_count": 50,
                "bandwidth_share_level": "normal",
                "device_address": "pci:0:7",
                "external_port_id": "",
                "key": 4000,
                "mac_address": "00:0c:29:c5:e5:a9",
                "network_id": "HaNetwork-VM Network",
                "ovf_mapping": "",
                "physical_function": "",
                "use_static_mac": false
              }
            ],
            "num_cores_per_numa_node": null,
            "num_cores_per_socket": 2,
            "num_cpus": 4,
            "nvme_controller_count": 0,
            "ovf_deploy": [
              {
                "allow_unverified_ssl_cert": false,
                "deployment_option": "",
                "disk_provisioning": "thin",
                "enable_hidden_properties": false,
                "ip_allocation_policy": "",
                "ip_protocol": "",
                "local_ovf_path": "/home/jbkim/terraform/esxi-vm/ovf/rocky9-template.ovf",
                "ovf_network_map": {
                  "VM Network": "HaNetwork-VM Network"
                },
                "remote_ovf_url": ""
              }
            ],
            "pci_device_id": [],
            "power_state": "on",
            "poweron_timeout": 300,
            "reboot_required": false,
            "replace_trigger": null,
            "resource_pool_id": "ha-root-pool",
            "run_tools_scripts_after_power_on": true,
            "run_tools_scripts_after_resume": true,
            "run_tools_scripts_before_guest_reboot": false,
            "run_tools_scripts_before_guest_shutdown": true,
            "run_tools_scripts_before_guest_standby": true,
            "sata_controller_count": 0,
            "scsi_bus_sharing": "noSharing",
            "scsi_controller_count": 1,
            "scsi_type": "lsilogic",
            "shutdown_wait_timeout": 3,
            "storage_policy_id": null,
            "swap_placement_policy": "inherit",
            "sync_time_with_host": true,
            "sync_time_with_host_periodically": null,
            "tags": null,
            "tools_upgrade_policy": "manual",
            "uuid": "564d1e3f-ff76-3cda-9ad7-0e24dec5e5a9",
            "vapp": [],
            "vapp_transport": [],
            "vbs_enabled": false,
            "video_card": [],
            "vmware_tools_status": "guestToolsRunning",
            "vmx_path": "jbkim_dev_master03_46/jbkim_dev_master03_46.vmx",
            "vtpm": [],
            "vvtd_enabled": false,
            "wait_for_guest_ip_timeout": 0,
            "wait_for_guest_net_routable": true,
            "wait_for_guest_net_timeout": 0
          },
          "sensitive_attributes": [],
          "private": "eyJzY2hlbWFfdmVyc2lvbiI6IjMifQ==",
          "dependencies": [
            "data.vsphere_datacenter.dc",
            "data.vsphere_datastore.datastore",
            "data.vsphere_host.host",
            "data.vsphere_network.network",
            "data.vsphere_ovf_vm_template.ovf"
          ]
        },
        {
          "index_key": "jbkim_dev_nfs_55",
          "schema_version": 3,
          "attributes": {
            "alternate_guest_name": "",
            "annotation": "",
            "boot_delay": 0,
            "boot_retry_delay": 10000,
            "boot_retry_enabled": false,
            "cdrom": [],
            "change_version": "2026-08-11T06:53:38.732491Z",
            "clone": [],
            "cpu_hot_add_enabled": false,
            "cpu_hot_remove_enabled": false,
            "cpu_limit": -1,
            "cpu_performance_counters_enabled": false,
            "cpu_reservation": 0,
            "cpu_share_count": 2000,
            "cpu_share_level": "normal",
            "custom_attributes": null,
            "datacenter_id": "ha-datacenter",
            "datastore_cluster_id": null,
            "datastore_id": "59b9861f-7d1983e4-a5da-d09466087023",
            "default_ip_address": null,
            "disk": [
              {
                "attach": false,
                "controller_type": "scsi",
                "datastore_id": "59b9861f-7d1983e4-a5da-d09466087023",
                "device_address": "scsi:0:0",
                "disk_mode": "persistent",
                "disk_sharing": "sharingNone",
                "eagerly_scrub": false,
                "io_limit": -1,
                "io_reservation": 0,
                "io_share_count": 1000,
                "io_share_level": "normal",
                "keep_on_remove": false,
                "key": 2000,
                "label": "disk0",
                "path": "jbkim_dev_nfs_55/jbkim_dev_nfs_55.vmdk",
                "size": 50,
                "storage_policy_id": "",
                "thin_provisioned": true,
                "unit_number": 0,
                "uuid": "6000C292-1264-af33-4735-c07a4eb4d1a8",
                "write_through": false
              }
            ],
            "efi_secure_boot_enabled": false,
            "enable_disk_uuid": false,
            "enable_logging": false,
            "ept_rvi_mode": "automatic",
            "evc_mode": null,
            "extra_config": null,
            "extra_config_reboot_required": true,
            "firmware": "bios",
            "folder": "",
            "force_power_off": true,
            "guest_id": "otherLinux64Guest",
            "guest_ip_addresses": [],
            "hardware_version": 8,
            "host_system_id": "ha-host",
            "hv_mode": "hvAuto",
            "id": "564d574c-c706-bcf1-fc1d-ed358ceafe94",
            "ide_controller_count": 2,
            "ignored_guest_ips": null,
            "imported": null,
            "latency_sensitivity": "normal",
            "memory": 8192,
            "memory_hot_add_enabled": false,
            "memory_limit": -1,
            "memory_reservation": 0,
            "memory_reservation_locked_to_max": false,
            "memory_share_count": 81920,
            "memory_share_level": "normal",
            "migrate_wait_timeout": 30,
            "moid": "38",
            "name": "jbkim_dev_nfs_55",
            "nested_hv_enabled": false,
            "network_interface": [
              {
                "adapter_type": "e1000",
                "bandwidth_limit": -1,
                "bandwidth_reservation": 0,
                "bandwidth_share_count": 50,
                "bandwidth_share_level": "normal",
                "device_address": "pci:0:7",
                "external_port_id": "",
                "key": 4000,
                "mac_address": "00:0c:29:ea:fe:94",
                "network_id": "HaNetwork-VM Network",
                "ovf_mapping": "",
                "physical_function": "",
                "use_static_mac": false
              }
            ],
            "num_cores_per_numa_node": null,
            "num_cores_per_socket": 2,
            "num_cpus": 2,
            "nvme_controller_count": 0,
            "ovf_deploy": [
              {
                "allow_unverified_ssl_cert": false,
                "deployment_option": "",
                "disk_provisioning": "thin",
                "enable_hidden_properties": false,
                "ip_allocation_policy": "",
                "ip_protocol": "",
                "local_ovf_path": "/home/jbkim/terraform/esxi-vm/ovf/rocky9-template.ovf",
                "ovf_network_map": {
                  "VM Network": "HaNetwork-VM Network"
                },
                "remote_ovf_url": ""
              }
            ],
            "pci_device_id": null,
            "power_state": "on",
            "poweron_timeout": 300,
            "reboot_required": false,
            "replace_trigger": null,
            "resource_pool_id": "ha-root-pool",
            "run_tools_scripts_after_power_on": true,
            "run_tools_scripts_after_resume": true,
            "run_tools_scripts_before_guest_reboot": false,
            "run_tools_scripts_before_guest_shutdown": true,
            "run_tools_scripts_before_guest_standby": true,
            "sata_controller_count": 0,
            "scsi_bus_sharing": "noSharing",
            "scsi_controller_count": 1,
            "scsi_type": "lsilogic",
            "shutdown_wait_timeout": 3,
            "storage_policy_id": null,
            "swap_placement_policy": "inherit",
            "sync_time_with_host": true,
            "sync_time_with_host_periodically": null,
            "tags": null,
            "tools_upgrade_policy": "manual",
            "uuid": "564d574c-c706-bcf1-fc1d-ed358ceafe94",
            "vapp": [],
            "vapp_transport": [],
            "vbs_enabled": false,
            "video_card": [],
            "vmware_tools_status": "guestToolsNotRunning",
            "vmx_path": "jbkim_dev_nfs_55/jbkim_dev_nfs_55.vmx",
            "vtpm": [],
            "vvtd_enabled": false,
            "wait_for_guest_ip_timeout": 0,
            "wait_for_guest_net_routable": true,
            "wait_for_guest_net_timeout": 0
          },
          "sensitive_attributes": [],
          "private": "eyJzY2hlbWFfdmVyc2lvbiI6IjMifQ==",
          "dependencies": [
            "data.vsphere_datacenter.dc",
            "data.vsphere_datastore.datastore",
            "data.vsphere_host.host",
            "data.vsphere_network.network",
            "data.vsphere_ovf_vm_template.ovf"
          ]
        },
        {
          "index_key": "jbkim_dev_worker01_47",
          "schema_version": 3,
          "attributes": {
            "alternate_guest_name": "",
            "annotation": "",
            "boot_delay": 0,
            "boot_retry_delay": 10000,
            "boot_retry_enabled": false,
            "cdrom": [],
            "change_version": "2026-08-11T04:31:17.157613Z",
            "clone": [],
            "cpu_hot_add_enabled": false,
            "cpu_hot_remove_enabled": false,
            "cpu_limit": -1,
            "cpu_performance_counters_enabled": false,
            "cpu_reservation": 0,
            "cpu_share_count": 4000,
            "cpu_share_level": "normal",
            "custom_attributes": null,
            "datacenter_id": "ha-datacenter",
            "datastore_cluster_id": null,
            "datastore_id": "59b9861f-7d1983e4-a5da-d09466087023",
            "default_ip_address": "10.10.40.47",
            "disk": [
              {
                "attach": false,
                "controller_type": "scsi",
                "datastore_id": "59b9861f-7d1983e4-a5da-d09466087023",
                "device_address": "scsi:0:0",
                "disk_mode": "persistent",
                "disk_sharing": "sharingNone",
                "eagerly_scrub": false,
                "io_limit": -1,
                "io_reservation": 0,
                "io_share_count": 1000,
                "io_share_level": "normal",
                "keep_on_remove": false,
                "key": 2000,
                "label": "disk0",
                "path": "jbkim_dev_worker01_47/jbkim_dev_worker01_47.vmdk",
                "size": 50,
                "storage_policy_id": "",
                "thin_provisioned": true,
                "unit_number": 0,
                "uuid": "6000C29c-3d63-394f-3dd2-1d172f85b1d4",
                "write_through": false
              }
            ],
            "efi_secure_boot_enabled": false,
            "enable_disk_uuid": false,
            "enable_logging": false,
            "ept_rvi_mode": "automatic",
            "evc_mode": null,
            "extra_config": {},
            "extra_config_reboot_required": true,
            "firmware": "bios",
            "folder": "",
            "force_power_off": true,
            "guest_id": "otherLinux64Guest",
            "guest_ip_addresses": [
              "10.233.120.128",
              "fe80::6434:f0ff:fecf:8664",
              "10.10.40.47",
              "fe80::7583:7325:ea30:a5ad"
            ],
            "hardware_version": 8,
            "host_system_id": "ha-host",
            "hv_mode": "hvAuto",
            "id": "564d7c21-6901-0987-1275-726edd4f1fdb",
            "ide_controller_count": 2,
            "ignored_guest_ips": null,
            "imported": null,
            "latency_sensitivity": "normal",
            "memory": 16384,
            "memory_hot_add_enabled": false,
            "memory_limit": -1,
            "memory_reservation": 0,
            "memory_reservation_locked_to_max": false,
            "memory_share_count": 163840,
            "memory_share_level": "normal",
            "migrate_wait_timeout": 30,
            "moid": "35",
            "name": "jbkim_dev_worker01_47",
            "nested_hv_enabled": false,
            "network_interface": [
              {
                "adapter_type": "e1000",
                "bandwidth_limit": -1,
                "bandwidth_reservation": 0,
                "bandwidth_share_count": 50,
                "bandwidth_share_level": "normal",
                "device_address": "pci:0:7",
                "external_port_id": "",
                "key": 4000,
                "mac_address": "00:0c:29:4f:1f:db",
                "network_id": "HaNetwork-VM Network",
                "ovf_mapping": "",
                "physical_function": "",
                "use_static_mac": false
              }
            ],
            "num_cores_per_numa_node": null,
            "num_cores_per_socket": 2,
            "num_cpus": 4,
            "nvme_controller_count": 0,
            "ovf_deploy": [
              {
                "allow_unverified_ssl_cert": false,
                "deployment_option": "",
                "disk_provisioning": "thin",
                "enable_hidden_properties": false,
                "ip_allocation_policy": "",
                "ip_protocol": "",
                "local_ovf_path": "/home/jbkim/terraform/esxi-vm/ovf/rocky9-template.ovf",
                "ovf_network_map": {
                  "VM Network": "HaNetwork-VM Network"
                },
                "remote_ovf_url": ""
              }
            ],
            "pci_device_id": [],
            "power_state": "on",
            "poweron_timeout": 300,
            "reboot_required": false,
            "replace_trigger": null,
            "resource_pool_id": "ha-root-pool",
            "run_tools_scripts_after_power_on": true,
            "run_tools_scripts_after_resume": true,
            "run_tools_scripts_before_guest_reboot": false,
            "run_tools_scripts_before_guest_shutdown": true,
            "run_tools_scripts_before_guest_standby": true,
            "sata_controller_count": 0,
            "scsi_bus_sharing": "noSharing",
            "scsi_controller_count": 1,
            "scsi_type": "lsilogic",
            "shutdown_wait_timeout": 3,
            "storage_policy_id": null,
            "swap_placement_policy": "inherit",
            "sync_time_with_host": true,
            "sync_time_with_host_periodically": null,
            "tags": null,
            "tools_upgrade_policy": "manual",
            "uuid": "564d7c21-6901-0987-1275-726edd4f1fdb",
            "vapp": [],
            "vapp_transport": [],
            "vbs_enabled": false,
            "video_card": [],
            "vmware_tools_status": "guestToolsRunning",
            "vmx_path": "jbkim_dev_worker01_47/jbkim_dev_worker01_47.vmx",
            "vtpm": [],
            "vvtd_enabled": false,
            "wait_for_guest_ip_timeout": 0,
            "wait_for_guest_net_routable": true,
            "wait_for_guest_net_timeout": 0
          },
          "sensitive_attributes": [],
          "private": "eyJzY2hlbWFfdmVyc2lvbiI6IjMifQ==",
          "dependencies": [
            "data.vsphere_datacenter.dc",
            "data.vsphere_datastore.datastore",
            "data.vsphere_host.host",
            "data.vsphere_network.network",
            "data.vsphere_ovf_vm_template.ovf"
          ]
        },
        {
          "index_key": "jbkim_dev_worker02_48",
          "schema_version": 3,
          "attributes": {
            "alternate_guest_name": "",
            "annotation": "",
            "boot_delay": 0,
            "boot_retry_delay": 10000,
            "boot_retry_enabled": false,
            "cdrom": [],
            "change_version": "2026-08-11T04:31:17.142866Z",
            "clone": [],
            "cpu_hot_add_enabled": false,
            "cpu_hot_remove_enabled": false,
            "cpu_limit": -1,
            "cpu_performance_counters_enabled": false,
            "cpu_reservation": 0,
            "cpu_share_count": 4000,
            "cpu_share_level": "normal",
            "custom_attributes": null,
            "datacenter_id": "ha-datacenter",
            "datastore_cluster_id": null,
            "datastore_id": "59b9861f-7d1983e4-a5da-d09466087023",
            "default_ip_address": "10.10.40.48",
            "disk": [
              {
                "attach": false,
                "controller_type": "scsi",
                "datastore_id": "59b9861f-7d1983e4-a5da-d09466087023",
                "device_address": "scsi:0:0",
                "disk_mode": "persistent",
                "disk_sharing": "sharingNone",
                "eagerly_scrub": false,
                "io_limit": -1,
                "io_reservation": 0,
                "io_share_count": 1000,
                "io_share_level": "normal",
                "keep_on_remove": false,
                "key": 2000,
                "label": "disk0",
                "path": "jbkim_dev_worker02_48/jbkim_dev_worker02_48.vmdk",
                "size": 50,
                "storage_policy_id": "",
                "thin_provisioned": true,
                "unit_number": 0,
                "uuid": "6000C29d-e089-5e6a-d831-11d06e07b7e3",
                "write_through": false
              }
            ],
            "efi_secure_boot_enabled": false,
            "enable_disk_uuid": false,
            "enable_logging": false,
            "ept_rvi_mode": "automatic",
            "evc_mode": null,
            "extra_config": {},
            "extra_config_reboot_required": true,
            "firmware": "bios",
            "folder": "",
            "force_power_off": true,
            "guest_id": "otherLinux64Guest",
            "guest_ip_addresses": [
              "10.233.93.0",
              "fe80::64af:90ff:fe98:5198",
              "10.10.40.48",
              "fe80::fce7:6213:cccf:db83"
            ],
            "hardware_version": 8,
            "host_system_id": "ha-host",
            "hv_mode": "hvAuto",
            "id": "564d3b6d-e212-e4d3-eee7-cd6da5aaca64",
            "ide_controller_count": 2,
            "ignored_guest_ips": null,
            "imported": null,
            "latency_sensitivity": "normal",
            "memory": 16384,
            "memory_hot_add_enabled": false,
            "memory_limit": -1,
            "memory_reservation": 0,
            "memory_reservation_locked_to_max": false,
            "memory_share_count": 163840,
            "memory_share_level": "normal",
            "migrate_wait_timeout": 30,
            "moid": "37",
            "name": "jbkim_dev_worker02_48",
            "nested_hv_enabled": false,
            "network_interface": [
              {
                "adapter_type": "e1000",
                "bandwidth_limit": -1,
                "bandwidth_reservation": 0,
                "bandwidth_share_count": 50,
                "bandwidth_share_level": "normal",
                "device_address": "pci:0:7",
                "external_port_id": "",
                "key": 4000,
                "mac_address": "00:0c:29:aa:ca:64",
                "network_id": "HaNetwork-VM Network",
                "ovf_mapping": "",
                "physical_function": "",
                "use_static_mac": false
              }
            ],
            "num_cores_per_numa_node": null,
            "num_cores_per_socket": 2,
            "num_cpus": 4,
            "nvme_controller_count": 0,
            "ovf_deploy": [
              {
                "allow_unverified_ssl_cert": false,
                "deployment_option": "",
                "disk_provisioning": "thin",
                "enable_hidden_properties": false,
                "ip_allocation_policy": "",
                "ip_protocol": "",
                "local_ovf_path": "/home/jbkim/terraform/esxi-vm/ovf/rocky9-template.ovf",
                "ovf_network_map": {
                  "VM Network": "HaNetwork-VM Network"
                },
                "remote_ovf_url": ""
              }
            ],
            "pci_device_id": [],
            "power_state": "on",
            "poweron_timeout": 300,
            "reboot_required": false,
            "replace_trigger": null,
            "resource_pool_id": "ha-root-pool",
            "run_tools_scripts_after_power_on": true,
            "run_tools_scripts_after_resume": true,
            "run_tools_scripts_before_guest_reboot": false,
            "run_tools_scripts_before_guest_shutdown": true,
            "run_tools_scripts_before_guest_standby": true,
            "sata_controller_count": 0,
            "scsi_bus_sharing": "noSharing",
            "scsi_controller_count": 1,
            "scsi_type": "lsilogic",
            "shutdown_wait_timeout": 3,
            "storage_policy_id": null,
            "swap_placement_policy": "inherit",
            "sync_time_with_host": true,
            "sync_time_with_host_periodically": null,
            "tags": null,
            "tools_upgrade_policy": "manual",
            "uuid": "564d3b6d-e212-e4d3-eee7-cd6da5aaca64",
            "vapp": [],
            "vapp_transport": [],
            "vbs_enabled": false,
            "video_card": [],
            "vmware_tools_status": "guestToolsRunning",
            "vmx_path": "jbkim_dev_worker02_48/jbkim_dev_worker02_48.vmx",
            "vtpm": [],
            "vvtd_enabled": false,
            "wait_for_guest_ip_timeout": 0,
            "wait_for_guest_net_routable": true,
            "wait_for_guest_net_timeout": 0
          },
          "sensitive_attributes": [],
          "private": "eyJzY2hlbWFfdmVyc2lvbiI6IjMifQ==",
          "dependencies": [
            "data.vsphere_datacenter.dc",
            "data.vsphere_datastore.datastore",
            "data.vsphere_host.host",
            "data.vsphere_network.network",
            "data.vsphere_ovf_vm_template.ovf"
          ]
        }
      ]
    }
  ],
  "check_results": null
}
